
Microsoft Visual Studio Solution File, Format Version 12.00
# Visual Studio Version 17
VisualStudioVersion = 17.9.34723.18
MinimumVisualStudioVersion = 10.0.40219.1
Project("{FAE04EC0-301F-11D3-BF4B-00C04F79EFBC}") = "UniversityBuildingService", "UniversityBuildingService.csproj", "{D1E1A2A1-8621-4790-94B1-8C51F31F513B}"
EndProject
Global
	GlobalSection(SolutionConfigurationPlatforms) = preSolution
		Debug|Any CPU = Debug|Any CPU
		Release|Any CPU = Release|Any CPU
	EndGlobalSection
	GlobalSection(ProjectConfigurationPlatforms) = postSolution
		{D1E1A2A1-8621-4790-94B1-8C51F31F513B}.Debug|Any CPU.ActiveCfg = Debug|Any CPU
		{D1E1A2A1-8621-4790-94B1-8C51F31F513B}.Debug|Any CPU.Build.0 = Debug|Any CPU
		{D1E1A2A1-8621-4790-94B1-8C51F31F513B}.Release|Any CPU.ActiveCfg = Release|Any CPU
		{D1E1A2A1-8621-4790-94B1-8C51F31F513B}.Release|Any CPU.Build.0 = Release|Any CPU
	EndGlobalSection
	GlobalSection(SolutionProperties) = preSolution
		HideSolutionNode = FALSE
	EndGlobalSection
	GlobalSection(ExtensibilityGlobals) = postSolution
		SolutionGuid = {B81F145F-8245-4945-9DEB-A56A4E53B0AC}
	EndGlobalSection
EndGlobal
